version = 1
revision = 3
requires-python = ">=3.8"
resolution-markers = [
    "python_full_version >= '3.10'",
    "python_full_version == '3.9.*'",
    "python_full_version < '3.9'",
]

[[package]]
name = "kubrux"
version = "1.0.0"
source = { editable = "." }
dependencies = [
    { name = "libtmux", version = "0.38.1", source = { registry = "https://pypi.org/simple" }, marker = "python_full_version < '3.9'" },
    { name = "libtmux", version = "0.46.2", source = { registry = "https://pypi.org/simple" }, marker = "python_full_version == '3.9.*'" },
    { name = "libtmux", version = "0.53.0", source = { registry = "https://pypi.org/simple" }, marker = "python_full_version >= '3.10'" },
    { name = "shtab", version = "1.7.2", source = { registry = "https://pypi.org/simple" }, marker = "python_full_version < '3.9'" },
    { name = "shtab", version = "1.8.0", source = { registry = "https://pypi.org/simple" }, marker = "python_full_version >= '3.9'" },
]

[package.metadata]
requires-dist = [
    { name = "libtmux", specifier = ">=0.24.0" },
    { name = "shtab", specifier = ">=1.7" },
]

[[package]]
name = "libtmux"
version = "0.38.1"
source = { registry = "https://pypi.org/simple" }
resolution-markers = [
    "python_full_version < '3.9'",
]
sdist = { url = "https://files.pythonhosted.org/packages/09/05/743bedbf87fade89ca7049654a87009c53a8087a31f24f7a4febc4ea30c8/libtmux-0.38.1.tar.gz", hash = "sha256:3006f95852bf71ea571879662bfd530385dd3b06df2c291a84f3da9d42e56be5", size = 303527, upload-time = "2024-11-26T12:00:36.48Z" }
wheels = [
    { url = "https://files.pythonhosted.org/packages/29/e8/1b6ec97ab533a4403a7991e60199d64b7e103201bb86694b27094c7fb989/libtmux-0.38.1-py3-none-any.whl", hash = "sha256:f994c5c7ebb027df38932be57ce096062493c2d5ecfbabf37f50be7a3d1872a5", size = 56222, upload-time = "2024-11-26T12:00:35.015Z" },
]

[[package]]
name = "libtmux"
version = "0.46.2"
source = { registry = "https://pypi.org/simple" }
resolution-markers = [
    "python_full_version == '3.9.*'",
]
sdist = { url = "https://files.pythonhosted.org/packages/9c/aa/7e1dcaa097156d6f3a7d8669be4389dced997feeb81744e3ff4681d65ee8/libtmux-0.46.2.tar.gz", hash = "sha256:9a398fec5d714129c8344555d466e1a903dfc0f741ba07aabe75a8ceb25c5dda", size = 346887, upload-time = "2025-05-26T19:40:04.096Z" }
wheels = [
    { url = "https://files.pythonhosted.org/packages/d6/2f/9d207039fcfa00d3b30e4d765f062fbcc42c873c7518a8cfebb3eafd00e0/libtmux-0.46.2-py3-none-any.whl", hash = "sha256:6c32dbf22bde8e5e33b2714a4295f6e838dc640f337cd4c085a044f6828c7793", size = 60873, upload-time = "2025-05-26T19:40:02.284Z" },
]

[[package]]
name = "libtmux"
version = "0.53.0"
source = { registry = "https://pypi.org/simple" }
resolution-markers = [
    "python_full_version >= '3.10'",
]
sdist = { url = "https://files.pythonhosted.org/packages/e7/28/e2b252817cb181aec2f42fe2d1d7fac5ec9c4d15bfb2b8ea4bd1179e4244/libtmux-0.53.0.tar.gz", hash = "sha256:1d19af4cea0c19543954d7e7317c7025c0739b029cccbe3b843212fae238f1bd", size = 405001, upload-time = "2025-12-14T11:59:11.337Z" }
wheels = [
    { url = "https://files.pythonhosted.org/packages/0e/d0/2e8bc5caa639ebb9f8801ba0be7070a28d48d8ed60e2a428d40f71fb88b8/libtmux-0.53.0-py3-none-any.whl", hash = "sha256:024b7ae6a12aae55358e8feb914c8632b3ab9bd61c0987c53559643c6a58ee4f", size = 77582, upload-time = "2025-12-14T11:59:09.739Z" },
]

[[package]]
name = "shtab"
version = "1.7.2"
source = { registry = "https://pypi.org/simple" }
resolution-markers = [
    "python_full_version < '3.9'",
]
sdist = { url = "https://files.pythonhosted.org/packages/5a/3e/837067b970c1d2ffa936c72f384a63fdec4e186b74da781e921354a94024/shtab-1.7.2.tar.gz", hash = "sha256:8c16673ade76a2d42417f03e57acf239bfb5968e842204c17990cae357d07d6f", size = 45751, upload-time = "2025-04-12T20:28:03.271Z" }
wheels = [
    { url = "https://files.pythonhosted.org/packages/74/03/3271b7bb470fbab4adf5bd30b0d32143909d96f3608d815b447357f47f2b/shtab-1.7.2-py3-none-any.whl", hash = "sha256:858a5805f6c137bb0cda4f282d27d08fd44ca487ab4a6a36d2a400263cd0b5c1", size = 14214, upload-time = "2025-04-12T20:28:01.82Z" },
]

[[package]]
name = "shtab"
version = "1.8.0"
source = { registry = "https://pypi.org/simple" }
resolution-markers = [
    "python_full_version >= '3.10'",
    "python_full_version == '3.9.*'",
]
sdist = { url = "https://files.pythonhosted.org/packages/b0/7a/7f131b6082d8b592c32e4312d0a6da3d0b28b8f0d305ddd93e49c9d89929/shtab-1.8.0.tar.gz", hash = "sha256:75f16d42178882b7f7126a0c2cb3c848daed2f4f5a276dd1ded75921cc4d073a", size = 46062, upload-time = "2025-11-18T10:57:47.601Z" }
wheels = [
    { url = "https://files.pythonhosted.org/packages/8e/e1/202a31727b0d096a04380f78e809074d7a1d0a22d9d5a39fea1d2353fd02/shtab-1.8.0-py3-none-any.whl", hash = "sha256:f0922a82174b4007e06ac0bac4f79abd826c5cca88e201bfd927f889803c571d", size = 14457, upload-time = "2025-11-18T10:57:45.906Z" },
]
